// !$*UTF8*$!
{
	archiveVersion = 1;
	classes = {
	};
	objectVersion = 56;
	objects = {

/* Begin PBXBuildFile section */
		A722A9E1291962DE002FA661 /* SelectAreaSettingCell.swift in Sources */ = {isa = PBXBuildFile; fileRef = A722A9E0291962DE002FA661 /* SelectAreaSettingCell.swift */; };
		A72F36F72917E86300B939FF /* SelectAreaListCell.swift in Sources */ = {isa = PBXBuildFile; fileRef = A72F36F62917E86300B939FF /* SelectAreaListCell.swift */; };
		A72F36FC2917F84500B939FF /* ChangeButtonClicked.swift in Sources */ = {isa = PBXBuildFile; fileRef = A72F36FB2917F84500B939FF /* ChangeButtonClicked.swift */; };
		A72F37002918349E00B939FF /* SelectAreaStartViewController.swift in Sources */ = {isa = PBXBuildFile; fileRef = A72F36FF2918349E00B939FF /* SelectAreaStartViewController.swift */; };
		A72F37032918354D00B939FF /* SelectAreaRuleViewController.swift in Sources */ = {isa = PBXBuildFile; fileRef = A72F37022918354D00B939FF /* SelectAreaRuleViewController.swift */; };
		A72F37062918DB9000B939FF /* Lottie in Frameworks */ = {isa = PBXBuildFile; productRef = A72F37052918DB9000B939FF /* Lottie */; };
		A72F37092918E2C800B939FF /* fastTrain.json in Resources */ = {isa = PBXBuildFile; fileRef = A72F37082918E2C800B939FF /* fastTrain.json */; };
		A72F370B2918EAFF00B939FF /* mapSearch.json in Resources */ = {isa = PBXBuildFile; fileRef = A72F370A2918EAFE00B939FF /* mapSearch.json */; };
		A72F370D29194B1B00B939FF /* setCheck.storyboard in Resources */ = {isa = PBXBuildFile; fileRef = A72F370C29194B1B00B939FF /* setCheck.storyboard */; };
		A78D71E62916B87F002554D2 /* SelectAreaMainViewController.swift in Sources */ = {isa = PBXBuildFile; fileRef = A78D71E52916B87F002554D2 /* SelectAreaMainViewController.swift */; };
		A78D71E82916B89B002554D2 /* SelectAreaSettingViewController.swift in Sources */ = {isa = PBXBuildFile; fileRef = A78D71E72916B89B002554D2 /* SelectAreaSettingViewController.swift */; };
		A78D71EA2916B8C7002554D2 /* SelectAreaListViewController.swift in Sources */ = {isa = PBXBuildFile; fileRef = A78D71E92916B8C7002554D2 /* SelectAreaListViewController.swift */; };
		A7B7BEC3290AC1CC00EEDEBA /* CalculatorViewController.swift in Sources */ = {isa = PBXBuildFile; fileRef = A7B7BEC2290AC1CC00EEDEBA /* CalculatorViewController.swift */; };
		A7D6C8A12909301B0044845F /* AppDelegate.swift in Sources */ = {isa = PBXBuildFile; fileRef = A7D6C8A02909301B0044845F /* AppDelegate.swift */; };
		A7D6C8A32909301B0044845F /* SceneDelegate.swift in Sources */ = {isa = PBXBuildFile; fileRef = A7D6C8A22909301B0044845F /* SceneDelegate.swift */; };
		A7D6C8AA2909301C0044845F /* Assets.xcassets in Resources */ = {isa = PBXBuildFile; fileRef = A7D6C8A92909301C0044845F /* Assets.xcassets */; };
		A7D6C8AD2909301C0044845F /* LaunchScreen.storyboard in Resources */ = {isa = PBXBuildFile; fileRef = A7D6C8AB2909301C0044845F /* LaunchScreen.storyboard */; };
		A7D6C8B52909305C0044845F /* MainViewController.swift in Sources */ = {isa = PBXBuildFile; fileRef = A7D6C8B42909305C0044845F /* MainViewController.swift */; };
		A7D6C8B8290930AA0044845F /* RxCocoa in Frameworks */ = {isa = PBXBuildFile; productRef = A7D6C8B7290930AA0044845F /* RxCocoa */; };
		A7D6C8BA290930AA0044845F /* RxSwift in Frameworks */ = {isa = PBXBuildFile; productRef = A7D6C8B9290930AA0044845F /* RxSwift */; };
		A7D6C8BD290930BE0044845F /* SnapKit in Frameworks */ = {isa = PBXBuildFile; productRef = A7D6C8BC290930BE0044845F /* SnapKit */; };
		A7F46E98290EB3CE00227B85 /* D_DayViewController.swift in Sources */ = {isa = PBXBuildFile; fileRef = A7F46E97290EB3CE00227B85 /* D_DayViewController.swift */; };
		A7F46E9A290EB49D00227B85 /* D_DayViewCell.swift in Sources */ = {isa = PBXBuildFile; fileRef = A7F46E99290EB49D00227B85 /* D_DayViewCell.swift */; };
		A7F46E9E290EBADF00227B85 /* D_DayAddViewController.swift in Sources */ = {isa = PBXBuildFile; fileRef = A7F46E9D290EBADF00227B85 /* D_DayAddViewController.swift */; };
		A7F46EA0290EC63400227B85 /* D_DayViewModel.swift in Sources */ = {isa = PBXBuildFile; fileRef = A7F46E9F290EC63400227B85 /* D_DayViewModel.swift */; };
		A7F46EA22910FA6600227B85 /* D_DayCelData.swift in Sources */ = {isa = PBXBuildFile; fileRef = A7F46EA12910FA6600227B85 /* D_DayCelData.swift */; };
/* End PBXBuildFile section */

/* Begin PBXFileReference section */
		A722A9E0291962DE002FA661 /* SelectAreaSettingCell.swift */ = {isa = PBXFileReference; lastKnownFileType = sourcecode.swift; path = SelectAreaSettingCell.swift; sourceTree = "<group>"; };
		A72F36F62917E86300B939FF /* SelectAreaListCell.swift */ = {isa = PBXFileReference; lastKnownFileType = sourcecode.swift; path = SelectAreaListCell.swift; sourceTree = "<group>"; };
		A72F36FB2917F84500B939FF /* ChangeButtonClicked.swift */ = {isa = PBXFileReference; lastKnownFileType = sourcecode.swift; path = ChangeButtonClicked.swift; sourceTree = "<group>"; };
		A72F36FF2918349E00B939FF /* SelectAreaStartViewController.swift */ = {isa = PBXFileReference; lastKnownFileType = sourcecode.swift; path = SelectAreaStartViewController.swift; sourceTree = "<group>"; };
		A72F37022918354D00B939FF /* SelectAreaRuleViewController.swift */ = {isa = PBXFileReference; lastKnownFileType = sourcecode.swift; path = SelectAreaRuleViewController.swift; sourceTree = "<group>"; };
		A72F37082918E2C800B939FF /* fastTrain.json */ = {isa = PBXFileReference; fileEncoding = 4; lastKnownFileType = text.json; path = fastTrain.json; sourceTree = "<group>"; };
		A72F370A2918EAFE00B939FF /* mapSearch.json */ = {isa = PBXFileReference; fileEncoding = 4; lastKnownFileType = text.json; path = mapSearch.json; sourceTree = "<group>"; };
		A72F370C29194B1B00B939FF /* setCheck.storyboard */ = {isa = PBXFileReference; lastKnownFileType = file.storyboard; path = setCheck.storyboard; sourceTree = "<group>"; };
		A78D71E52916B87F002554D2 /* SelectAreaMainViewController.swift */ = {isa = PBXFileReference; lastKnownFileType = sourcecode.swift; path = SelectAreaMainViewController.swift; sourceTree = "<group>"; };
		A78D71E72916B89B002554D2 /* SelectAreaSettingViewController.swift */ = {isa = PBXFileReference; lastKnownFileType = sourcecode.swift; path = SelectAreaSettingViewController.swift; sourceTree = "<group>"; };
		A78D71E92916B8C7002554D2 /* SelectAreaListViewController.swift */ = {isa = PBXFileReference; lastKnownFileType = sourcecode.swift; path = SelectAreaListViewController.swift; sourceTree = "<group>"; };
		A7B7BEC2290AC1CC00EEDEBA /* CalculatorViewController.swift */ = {isa = PBXFileReference; lastKnownFileType = sourcecode.swift; path = CalculatorViewController.swift; sourceTree = "<group>"; };
		A7D6C89D2909301B0044845F /* RxTest.app */ = {isa = PBXFileReference; explicitFileType = wrapper.application; includeInIndex = 0; path = RxTest.app; sourceTree = BUILT_PRODUCTS_DIR; };
		A7D6C8A02909301B0044845F /* AppDelegate.swift */ = {isa = PBXFileReference; lastKnownFileType = sourcecode.swift; path = AppDelegate.swift; sourceTree = "<group>"; };
		A7D6C8A22909301B0044845F /* SceneDelegate.swift */ = {isa = PBXFileReference; lastKnownFileType = sourcecode.swift; path = SceneDelegate.swift; sourceTree = "<group>"; };
		A7D6C8A92909301C0044845F /* Assets.xcassets */ = {isa = PBXFileReference; lastKnownFileType = folder.assetcatalog; path = Assets.xcassets; sourceTree = "<group>"; };
		A7D6C8AC2909301C0044845F /* Base */ = {isa = PBXFileReference; lastKnownFileType = file.storyboard; name = Base; path = Base.lproj/LaunchScreen.storyboard; sourceTree = "<group>"; };
		A7D6C8AE2909301C0044845F /* Info.plist */ = {isa = PBXFileReference; lastKnownFileType = text.plist.xml; path = Info.plist; sourceTree = "<group>"; };
		A7D6C8B42909305C0044845F /* MainViewController.swift */ = {isa = PBXFileReference; lastKnownFileType = sourcecode.swift; path = MainViewController.swift; sourceTree = "<group>"; };
		A7F46E97290EB3CE00227B85 /* D_DayViewController.swift */ = {isa = PBXFileReference; lastKnownFileType = sourcecode.swift; path = D_DayViewController.swift; sourceTree = "<group>"; };
		A7F46E99290EB49D00227B85 /* D_DayViewCell.swift */ = {isa = PBXFileReference; lastKnownFileType = sourcecode.swift; path = D_DayViewCell.swift; sourceTree = "<group>"; };
		A7F46E9D290EBADF00227B85 /* D_DayAddViewController.swift */ = {isa = PBXFileReference; lastKnownFileType = sourcecode.swift; path = D_DayAddViewController.swift; sourceTree = "<group>"; };
		A7F46E9F290EC63400227B85 /* D_DayViewModel.swift */ = {isa = PBXFileReference; lastKnownFileType = sourcecode.swift; path = D_DayViewModel.swift; sourceTree = "<group>"; };
		A7F46EA12910FA6600227B85 /* D_DayCelData.swift */ = {isa = PBXFileReference; lastKnownFileType = sourcecode.swift; path = D_DayCelData.swift; sourceTree = "<group>"; };
/* End PBXFileReference section */

/* Begin PBXFrameworksBuildPhase section */
		A7D6C89A2909301B0044845F /* Frameworks */ = {
			isa = PBXFrameworksBuildPhase;
			buildActionMask = 2147483647;
			files = (
				A7D6C8BD290930BE0044845F /* SnapKit in Frameworks */,
				A7D6C8BA290930AA0044845F /* RxSwift in Frameworks */,
				A7D6C8B8290930AA0044845F /* RxCocoa in Frameworks */,
				A72F37062918DB9000B939FF /* Lottie in Frameworks */,
			);
			runOnlyForDeploymentPostprocessing = 0;
		};
/* End PBXFrameworksBuildPhase section */

/* Begin PBXGroup section */
		A722A9E229197062002FA661 /* Setting ViewModel */ = {
			isa = PBXGroup;
			children = (
			);
			path = "Setting ViewModel";
			sourceTree = "<group>";
		};
		A72F36F22917E80F00B939FF /* Setting View */ = {
			isa = PBXGroup;
			children = (
				A78D71E72916B89B002554D2 /* SelectAreaSettingViewController.swift */,
				A722A9E229197062002FA661 /* Setting ViewModel */,
				A72F36F32917E82500B939FF /* Cell */,
			);
			path = "Setting View";
			sourceTree = "<group>";
		};
		A72F36F32917E82500B939FF /* Cell */ = {
			isa = PBXGroup;
			children = (
				A722A9E0291962DE002FA661 /* SelectAreaSettingCell.swift */,
			);
			path = Cell;
			sourceTree = "<group>";
		};
		A72F36F42917E83200B939FF /* List View */ = {
			isa = PBXGroup;
			children = (
				A78D71E92916B8C7002554D2 /* SelectAreaListViewController.swift */,
				A72F36F52917E83E00B939FF /* Cell */,
			);
			path = "List View";
			sourceTree = "<group>";
		};
		A72F36F52917E83E00B939FF /* Cell */ = {
			isa = PBXGroup;
			children = (
				A72F36F62917E86300B939FF /* SelectAreaListCell.swift */,
			);
			path = Cell;
			sourceTree = "<group>";
		};
		A72F36FA2917F77800B939FF /* Change UIComponents */ = {
			isa = PBXGroup;
			children = (
				A72F36FD2918246A00B939FF /* UIButton */,
			);
			path = "Change UIComponents";
			sourceTree = "<group>";
		};
		A72F36FD2918246A00B939FF /* UIButton */ = {
			isa = PBXGroup;
			children = (
				A72F36FB2917F84500B939FF /* ChangeButtonClicked.swift */,
			);
			path = UIButton;
			sourceTree = "<group>";
		};
		A72F36FE2918348A00B939FF /* Start View */ = {
			isa = PBXGroup;
			children = (
				A72F36FF2918349E00B939FF /* SelectAreaStartViewController.swift */,
			);
			path = "Start View";
			sourceTree = "<group>";
		};
		A72F37012918353F00B939FF /* Rule View */ = {
			isa = PBXGroup;
			children = (
				A72F37022918354D00B939FF /* SelectAreaRuleViewController.swift */,
			);
			path = "Rule View";
			sourceTree = "<group>";
		};
		A72F37072918E27D00B939FF /* Animation JSON */ = {
			isa = PBXGroup;
			children = (
				A72F37082918E2C800B939FF /* fastTrain.json */,
				A72F370A2918EAFE00B939FF /* mapSearch.json */,
			);
			path = "Animation JSON";
			sourceTree = "<group>";
		};
		A78D71E12916B7B9002554D2 /* SelectArea View */ = {
			isa = PBXGroup;
			children = (
				A72F37072918E27D00B939FF /* Animation JSON */,
				A78D71E22916B7E6002554D2 /* View */,
				A78D71E32916B80D002554D2 /* ViewModel */,
				A78D71E42916B833002554D2 /* Entities */,
			);
			path = "SelectArea View";
			sourceTree = "<group>";
		};
		A78D71E22916B7E6002554D2 /* View */ = {
			isa = PBXGroup;
			children = (
				A78D71E52916B87F002554D2 /* SelectAreaMainViewController.swift */,
				A72F36FE2918348A00B939FF /* Start View */,
				A72F36F42917E83200B939FF /* List View */,
				A72F36F22917E80F00B939FF /* Setting View */,
				A72F37012918353F00B939FF /* Rule View */,
			);
			path = View;
			sourceTree = "<group>";
		};
		A78D71E32916B80D002554D2 /* ViewModel */ = {
			isa = PBXGroup;
			children = (
			);
			path = ViewModel;
			sourceTree = "<group>";
		};
		A78D71E42916B833002554D2 /* Entities */ = {
			isa = PBXGroup;
			children = (
			);
			path = Entities;
			sourceTree = "<group>";
		};
		A7A1EC2D29117BA90014BEED /* D-Day View */ = {
			isa = PBXGroup;
			children = (
				A7A1EC2F29117C0F0014BEED /* View */,
				A7A1EC3029117C1C0014BEED /* ViewModel */,
				A7A1EC2E29117C010014BEED /* Entities */,
			);
			path = "D-Day View";
			sourceTree = "<group>";
		};
		A7A1EC2E29117C010014BEED /* Entities */ = {
			isa = PBXGroup;
			children = (
				A7F46EA12910FA6600227B85 /* D_DayCelData.swift */,
			);
			path = Entities;
			sourceTree = "<group>";
		};
		A7A1EC2F29117C0F0014BEED /* View */ = {
			isa = PBXGroup;
			children = (
				A7F46E97290EB3CE00227B85 /* D_DayViewController.swift */,
				A7F46E99290EB49D00227B85 /* D_DayViewCell.swift */,
				A7F46E9D290EBADF00227B85 /* D_DayAddViewController.swift */,
			);
			path = View;
			sourceTree = "<group>";
		};
		A7A1EC3029117C1C0014BEED /* ViewModel */ = {
			isa = PBXGroup;
			children = (
				A7F46E9F290EC63400227B85 /* D_DayViewModel.swift */,
			);
			path = ViewModel;
			sourceTree = "<group>";
		};
		A7B7BEC4290AC1F900EEDEBA /* Scene */ = {
			isa = PBXGroup;
			children = (
				A7D6C8B42909305C0044845F /* MainViewController.swift */,
				A72F36FA2917F77800B939FF /* Change UIComponents */,
				A78D71E12916B7B9002554D2 /* SelectArea View */,
				A7A1EC2D29117BA90014BEED /* D-Day View */,
				A7F46E95290EB38F00227B85 /* Calculator View */,
			);
			name = Scene;
			sourceTree = "<group>";
		};
		A7D6C8942909301B0044845F = {
			isa = PBXGroup;
			children = (
				A7D6C89F2909301B0044845F /* RxTest */,
				A7D6C89E2909301B0044845F /* Products */,
			);
			sourceTree = "<group>";
		};
		A7D6C89E2909301B0044845F /* Products */ = {
			isa = PBXGroup;
			children = (
				A7D6C89D2909301B0044845F /* RxTest.app */,
			);
			name = Products;
			sourceTree = "<group>";
		};
		A7D6C89F2909301B0044845F /* RxTest */ = {
			isa = PBXGroup;
			children = (
				A72F370C29194B1B00B939FF /* setCheck.storyboard */,
				A7D6C8A02909301B0044845F /* AppDelegate.swift */,
				A7D6C8A22909301B0044845F /* SceneDelegate.swift */,
				A7B7BEC4290AC1F900EEDEBA /* Scene */,
				A7D6C8A92909301C0044845F /* Assets.xcassets */,
				A7D6C8AB2909301C0044845F /* LaunchScreen.storyboard */,
				A7D6C8AE2909301C0044845F /* Info.plist */,
			);
			path = RxTest;
			sourceTree = "<group>";
		};
		A7F46E95290EB38F00227B85 /* Calculator View */ = {
			isa = PBXGroup;
			children = (
				A7B7BEC2290AC1CC00EEDEBA /* CalculatorViewController.swift */,
			);
			path = "Calculator View";
			sourceTree = "<group>";
		};
/* End PBXGroup section */

/* Begin PBXNativeTarget section */
		A7D6C89C2909301B0044845F /* RxTest */ = {
			isa = PBXNativeTarget;
			buildConfigurationList = A7D6C8B12909301C0044845F /* Build configuration list for PBXNativeTarget "RxTest" */;
			buildPhases = (
				A7D6C8992909301B0044845F /* Sources */,
				A7D6C89A2909301B0044845F /* Frameworks */,
				A7D6C89B2909301B0044845F /* Resources */,
			);
			buildRules = (
			);
			dependencies = (
			);
			name = RxTest;
			packageProductDependencies = (
				A7D6C8B7290930AA0044845F /* RxCocoa */,
				A7D6C8B9290930AA0044845F /* RxSwift */,
				A7D6C8BC290930BE0044845F /* SnapKit */,
				A72F37052918DB9000B939FF /* Lottie */,
			);
			productName = RxTest;
			productReference = A7D6C89D2909301B0044845F /* RxTest.app */;
			productType = "com.apple.product-type.application";
		};
/* End PBXNativeTarget section */

/* Begin PBXProject section */
		A7D6C8952909301B0044845F /* Project object */ = {
			isa = PBXProject;
			attributes = {
				BuildIndependentTargetsInParallel = 1;
				LastSwiftUpdateCheck = 1400;
				LastUpgradeCheck = 1400;
				TargetAttributes = {
					A7D6C89C2909301B0044845F = {
						CreatedOnToolsVersion = 14.0.1;
					};
				};
			};
			buildConfigurationList = A7D6C8982909301B0044845F /* Build configuration list for PBXProject "RxTest" */;
			compatibilityVersion = "Xcode 14.0";
			developmentRegion = en;
			hasScannedForEncodings = 0;
			knownRegions = (
				en,
				Base,
			);
			mainGroup = A7D6C8942909301B0044845F;
			packageReferences = (
				A7D6C8B6290930AA0044845F /* XCRemoteSwiftPackageReference "RxSwift" */,
				A7D6C8BB290930BE0044845F /* XCRemoteSwiftPackageReference "SnapKit" */,
				A72F37042918DB9000B939FF /* XCRemoteSwiftPackageReference "lottie-ios" */,
			);
			productRefGroup = A7D6C89E2909301B0044845F /* Products */;
			projectDirPath = "";
			projectRoot = "";
			targets = (
				A7D6C89C2909301B0044845F /* RxTest */,
			);
		};
/* End PBXProject section */

/* Begin PBXResourcesBuildPhase section */
		A7D6C89B2909301B0044845F /* Resources */ = {
			isa = PBXResourcesBuildPhase;
			buildActionMask = 2147483647;
			files = (
				A72F370D29194B1B00B939FF /* setCheck.storyboard in Resources */,
				A7D6C8AD2909301C0044845F /* LaunchScreen.storyboard in Resources */,
				A7D6C8AA2909301C0044845F /* Assets.xcassets in Resources */,
				A72F370B2918EAFF00B939FF /* mapSearch.json in Resources */,
				A72F37092918E2C800B939FF /* fastTrain.json in Resources */,
			);
			runOnlyForDeploymentPostprocessing = 0;
		};
/* End PBXResourcesBuildPhase section */

/* Begin PBXSourcesBuildPhase section */
		A7D6C8992909301B0044845F /* Sources */ = {
			isa = PBXSourcesBuildPhase;
			buildActionMask = 2147483647;
			files = (
				A7D6C8A12909301B0044845F /* AppDelegate.swift in Sources */,
				A7D6C8A32909301B0044845F /* SceneDelegate.swift in Sources */,
				A7F46E9E290EBADF00227B85 /* D_DayAddViewController.swift in Sources */,
				A72F37032918354D00B939FF /* SelectAreaRuleViewController.swift in Sources */,
				A72F36FC2917F84500B939FF /* ChangeButtonClicked.swift in Sources */,
				A72F37002918349E00B939FF /* SelectAreaStartViewController.swift in Sources */,
				A722A9E1291962DE002FA661 /* SelectAreaSettingCell.swift in Sources */,
				A7B7BEC3290AC1CC00EEDEBA /* CalculatorViewController.swift in Sources */,
				A72F36F72917E86300B939FF /* SelectAreaListCell.swift in Sources */,
				A78D71E82916B89B002554D2 /* SelectAreaSettingViewController.swift in Sources */,
				A7F46EA0290EC63400227B85 /* D_DayViewModel.swift in Sources */,
				A7F46E98290EB3CE00227B85 /* D_DayViewController.swift in Sources */,
				A78D71EA2916B8C7002554D2 /* SelectAreaListViewController.swift in Sources */,
				A7F46EA22910FA6600227B85 /* D_DayCelData.swift in Sources */,
				A7F46E9A290EB49D00227B85 /* D_DayViewCell.swift in Sources */,
				A78D71E62916B87F002554D2 /* SelectAreaMainViewController.swift in Sources */,
				A7D6C8B52909305C0044845F /* MainViewController.swift in Sources */,
			);
			runOnlyForDeploymentPostprocessing = 0;
		};
/* End PBXSourcesBuildPhase section */

/* Begin PBXVariantGroup section */
		A7D6C8AB2909301C0044845F /* LaunchScreen.storyboard */ = {
			isa = PBXVariantGroup;
			children = (
				A7D6C8AC2909301C0044845F /* Base */,
			);
			name = LaunchScreen.storyboard;
			sourceTree = "<group>";
		};
/* End PBXVariantGroup section */

/* Begin XCBuildConfiguration section */
		A7D6C8AF2909301C0044845F /* Debug */ = {
			isa = XCBuildConfiguration;
			buildSettings = {
				ALWAYS_SEARCH_USER_PATHS = NO;
				CLANG_ANALYZER_NONNULL = YES;
				CLANG_ANALYZER_NUMBER_OBJECT_CONVERSION = YES_AGGRESSIVE;
				CLANG_CXX_LANGUAGE_STANDARD = "gnu++20";
				CLANG_ENABLE_MODULES = YES;
				CLANG_ENABLE_OBJC_ARC = YES;
				CLANG_ENABLE_OBJC_WEAK = YES;
				CLANG_WARN_BLOCK_CAPTURE_AUTORELEASING = YES;
				CLANG_WARN_BOOL_CONVERSION = YES;
				CLANG_WARN_COMMA = YES;
				CLANG_WARN_CONSTANT_CONVERSION = YES;
				CLANG_WARN_DEPRECATED_OBJC_IMPLEMENTATIONS = YES;
				CLANG_WARN_DIRECT_OBJC_ISA_USAGE = YES_ERROR;
				CLANG_WARN_DOCUMENTATION_COMMENTS = YES;
				CLANG_WARN_EMPTY_BODY = YES;
				CLANG_WARN_ENUM_CONVERSION = YES;
				CLANG_WARN_INFINITE_RECURSION = YES;
				CLANG_WARN_INT_CONVERSION = YES;
				CLANG_WARN_NON_LITERAL_NULL_CONVERSION = YES;
				CLANG_WARN_OBJC_IMPLICIT_RETAIN_SELF = YES;
				CLANG_WARN_OBJC_LITERAL_CONVERSION = YES;
				CLANG_WARN_OBJC_ROOT_CLASS = YES_ERROR;
				CLANG_WARN_QUOTED_INCLUDE_IN_FRAMEWORK_HEADER = YES;
				CLANG_WARN_RANGE_LOOP_ANALYSIS = YES;
				CLANG_WARN_STRICT_PROTOTYPES = YES;
				CLANG_WARN_SUSPICIOUS_MOVE = YES;
				CLANG_WARN_UNGUARDED_AVAILABILITY = YES_AGGRESSIVE;
				CLANG_WARN_UNREACHABLE_CODE = YES;
				CLANG_WARN__DUPLICATE_METHOD_MATCH = YES;
				COPY_PHASE_STRIP = NO;
				DEBUG_INFORMATION_FORMAT = dwarf;
				ENABLE_STRICT_OBJC_MSGSEND = YES;
				ENABLE_TESTABILITY = YES;
				GCC_C_LANGUAGE_STANDARD = gnu11;
				GCC_DYNAMIC_NO_PIC = NO;
				GCC_NO_COMMON_BLOCKS = YES;
				GCC_OPTIMIZATION_LEVEL = 0;
				GCC_PREPROCESSOR_DEFINITIONS = (
					"DEBUG=1",
					"$(inherited)",
				);
				GCC_WARN_64_TO_32_BIT_CONVERSION = YES;
				GCC_WARN_ABOUT_RETURN_TYPE = YES_ERROR;
				GCC_WARN_UNDECLARED_SELECTOR = YES;
				GCC_WARN_UNINITIALIZED_AUTOS = YES_AGGRESSIVE;
				GCC_WARN_UNUSED_FUNCTION = YES;
				GCC_WARN_UNUSED_VARIABLE = YES;
				IPHONEOS_DEPLOYMENT_TARGET = 15.0;
				MTL_ENABLE_DEBUG_INFO = INCLUDE_SOURCE;
				MTL_FAST_MATH = YES;
				ONLY_ACTIVE_ARCH = YES;
				SDKROOT = iphoneos;
				SWIFT_ACTIVE_COMPILATION_CONDITIONS = DEBUG;
				SWIFT_OPTIMIZATION_LEVEL = "-Onone";
			};
			name = Debug;
		};
		A7D6C8B02909301C0044845F /* Release */ = {
			isa = XCBuildConfiguration;
			buildSettings = {
				ALWAYS_SEARCH_USER_PATHS = NO;
				CLANG_ANALYZER_NONNULL = YES;
				CLANG_ANALYZER_NUMBER_OBJECT_CONVERSION = YES_AGGRESSIVE;
				CLANG_CXX_LANGUAGE_STANDARD = "gnu++20";
				CLANG_ENABLE_MODULES = YES;
				CLANG_ENABLE_OBJC_ARC = YES;
				CLANG_ENABLE_OBJC_WEAK = YES;
				CLANG_WARN_BLOCK_CAPTURE_AUTORELEASING = YES;
				CLANG_WARN_BOOL_CONVERSION = YES;
				CLANG_WARN_COMMA = YES;
				CLANG_WARN_CONSTANT_CONVERSION = YES;
				CLANG_WARN_DEPRECATED_OBJC_IMPLEMENTATIONS = YES;
				CLANG_WARN_DIRECT_OBJC_ISA_USAGE = YES_ERROR;
				CLANG_WARN_DOCUMENTATION_COMMENTS = YES;
				CLANG_WARN_EMPTY_BODY = YES;
				CLANG_WARN_ENUM_CONVERSION = YES;
				CLANG_WARN_INFINITE_RECURSION = YES;
				CLANG_WARN_INT_CONVERSION = YES;
				CLANG_WARN_NON_LITERAL_NULL_CONVERSION = YES;
				CLANG_WARN_OBJC_IMPLICIT_RETAIN_SELF = YES;
				CLANG_WARN_OBJC_LITERAL_CONVERSION = YES;
				CLANG_WARN_OBJC_ROOT_CLASS = YES_ERROR;
				CLANG_WARN_QUOTED_INCLUDE_IN_FRAMEWORK_HEADER = YES;
				CLANG_WARN_RANGE_LOOP_ANALYSIS = YES;
				CLANG_WARN_STRICT_PROTOTYPES = YES;
				CLANG_WARN_SUSPICIOUS_MOVE = YES;
				CLANG_WARN_UNGUARDED_AVAILABILITY = YES_AGGRESSIVE;
				CLANG_WARN_UNREACHABLE_CODE = YES;
				CLANG_WARN__DUPLICATE_METHOD_MATCH = YES;
				COPY_PHASE_STRIP = NO;
				DEBUG_INFORMATION_FORMAT = "dwarf-with-dsym";
				ENABLE_NS_ASSERTIONS = NO;
				ENABLE_STRICT_OBJC_MSGSEND = YES;
				GCC_C_LANGUAGE_STANDARD = gnu11;
				GCC_NO_COMMON_BLOCKS = YES;
				GCC_WARN_64_TO_32_BIT_CONVERSION = YES;
				GCC_WARN_ABOUT_RETURN_TYPE = YES_ERROR;
				GCC_WARN_UNDECLARED_SELECTOR = YES;
				GCC_WARN_UNINITIALIZED_AUTOS = YES_AGGRESSIVE;
				GCC_WARN_UNUSED_FUNCTION = YES;
				GCC_WARN_UNUSED_VARIABLE = YES;
				IPHONEOS_DEPLOYMENT_TARGET = 15.0;
				MTL_ENABLE_DEBUG_INFO = NO;
				MTL_FAST_MATH = YES;
				SDKROOT = iphoneos;
				SWIFT_COMPILATION_MODE = wholemodule;
				SWIFT_OPTIMIZATION_LEVEL = "-O";
				VALIDATE_PRODUCT = YES;
			};
			name = Release;
		};
		A7D6C8B22909301C0044845F /* Debug */ = {
			isa = XCBuildConfiguration;
			buildSettings = {
				ASSETCATALOG_COMPILER_APPICON_NAME = AppIcon;
				ASSETCATALOG_COMPILER_GLOBAL_ACCENT_COLOR_NAME = AccentColor;
				CODE_SIGN_STYLE = Automatic;
				CURRENT_PROJECT_VERSION = 1;
				DEVELOPMENT_TEAM = 45MYH7ZHUQ;
				GENERATE_INFOPLIST_FILE = YES;
				INFOPLIST_FILE = RxTest/Info.plist;
				INFOPLIST_KEY_UIApplicationSupportsIndirectInputEvents = YES;
				INFOPLIST_KEY_UILaunchStoryboardName = LaunchScreen;
				INFOPLIST_KEY_UISupportedInterfaceOrientations_iPad = "UIInterfaceOrientationPortrait UIInterfaceOrientationPortraitUpsideDown UIInterfaceOrientationLandscapeLeft UIInterfaceOrientationLandscapeRight";
				INFOPLIST_KEY_UISupportedInterfaceOrientations_iPhone = "UIInterfaceOrientationPortrait UIInterfaceOrientationLandscapeLeft UIInterfaceOrientationLandscapeRight";
				LD_RUNPATH_SEARCH_PATHS = (
					"$(inherited)",
					"@executable_path/Frameworks",
				);
				MARKETING_VERSION = 1.0;
				PRODUCT_BUNDLE_IDENTIFIER = Sean.RxTest;
				PRODUCT_NAME = "$(TARGET_NAME)";
				SWIFT_EMIT_LOC_STRINGS = YES;
				SWIFT_VERSION = 5.0;
				TARGETED_DEVICE_FAMILY = "1,2";
			};
			name = Debug;
		};
		A7D6C8B32909301C0044845F /* Release */ = {
			isa = XCBuildConfiguration;
			buildSettings = {
				ASSETCATALOG_COMPILER_APPICON_NAME = AppIcon;
				ASSETCATALOG_COMPILER_GLOBAL_ACCENT_COLOR_NAME = AccentColor;
				CODE_SIGN_STYLE = Automatic;
				CURRENT_PROJECT_VERSION = 1;
				DEVELOPMENT_TEAM = 45MYH7ZHUQ;
				GENERATE_INFOPLIST_FILE = YES;
				INFOPLIST_FILE = RxTest/Info.plist;
				INFOPLIST_KEY_UIApplicationSupportsIndirectInputEvents = YES;
				INFOPLIST_KEY_UILaunchStoryboardName = LaunchScreen;
				INFOPLIST_KEY_UISupportedInterfaceOrientations_iPad = "UIInterfaceOrientationPortrait UIInterfaceOrientationPortraitUpsideDown UIInterfaceOrientationLandscapeLeft UIInterfaceOrientationLandscapeRight";
				INFOPLIST_KEY_UISupportedInterfaceOrientations_iPhone = "UIInterfaceOrientationPortrait UIInterfaceOrientationLandscapeLeft UIInterfaceOrientationLandscapeRight";
				LD_RUNPATH_SEARCH_PATHS = (
					"$(inherited)",
					"@executable_path/Frameworks",
				);
				MARKETING_VERSION = 1.0;
				PRODUCT_BUNDLE_IDENTIFIER = Sean.RxTest;
				PRODUCT_NAME = "$(TARGET_NAME)";
				SWIFT_EMIT_LOC_STRINGS = YES;
				SWIFT_VERSION = 5.0;
				TARGETED_DEVICE_FAMILY = "1,2";
			};
			name = Release;
		};
/* End XCBuildConfiguration section */

/* Begin XCConfigurationList section */
		A7D6C8982909301B0044845F /* Build configuration list for PBXProject "RxTest" */ = {
			isa = XCConfigurationList;
			buildConfigurations = (
				A7D6C8AF2909301C0044845F /* Debug */,
				A7D6C8B02909301C0044845F /* Release */,
			);
			defaultConfigurationIsVisible = 0;
			defaultConfigurationName = Release;
		};
		A7D6C8B12909301C0044845F /* Build configuration list for PBXNativeTarget "RxTest" */ = {
			isa = XCConfigurationList;
			buildConfigurations = (
				A7D6C8B22909301C0044845F /* Debug */,
				A7D6C8B32909301C0044845F /* Release */,
			);
			defaultConfigurationIsVisible = 0;
			defaultConfigurationName = Release;
		};
/* End XCConfigurationList section */

/* Begin XCRemoteSwiftPackageReference section */
		A72F37042918DB9000B939FF /* XCRemoteSwiftPackageReference "lottie-ios" */ = {
			isa = XCRemoteSwiftPackageReference;
			repositoryURL = "https://github.com/airbnb/lottie-ios.git";
			requirement = {
				kind = upToNextMajorVersion;
				minimumVersion = 3.0.0;
			};
		};
		A7D6C8B6290930AA0044845F /* XCRemoteSwiftPackageReference "RxSwift" */ = {
			isa = XCRemoteSwiftPackageReference;
			repositoryURL = "https://github.com/ReactiveX/RxSwift.git";
			requirement = {
				kind = upToNextMajorVersion;
				minimumVersion = 6.0.0;
			};
		};
		A7D6C8BB290930BE0044845F /* XCRemoteSwiftPackageReference "SnapKit" */ = {
			isa = XCRemoteSwiftPackageReference;
			repositoryURL = "https://github.com/SnapKit/SnapKit.git";
			requirement = {
				kind = upToNextMajorVersion;
				minimumVersion = 5.0.0;
			};
		};
/* End XCRemoteSwiftPackageReference section */

/* Begin XCSwiftPackageProductDependency section */
		A72F37052918DB9000B939FF /* Lottie */ = {
			isa = XCSwiftPackageProductDependency;
			package = A72F37042918DB9000B939FF /* XCRemoteSwiftPackageReference "lottie-ios" */;
			productName = Lottie;
		};
		A7D6C8B7290930AA0044845F /* RxCocoa */ = {
			isa = XCSwiftPackageProductDependency;
			package = A7D6C8B6290930AA0044845F /* XCRemoteSwiftPackageReference "RxSwift" */;
			productName = RxCocoa;
		};
		A7D6C8B9290930AA0044845F /* RxSwift */ = {
			isa = XCSwiftPackageProductDependency;
			package = A7D6C8B6290930AA0044845F /* XCRemoteSwiftPackageReference "RxSwift" */;
			productName = RxSwift;
		};
		A7D6C8BC290930BE0044845F /* SnapKit */ = {
			isa = XCSwiftPackageProductDependency;
			package = A7D6C8BB290930BE0044845F /* XCRemoteSwiftPackageReference "SnapKit" */;
			productName = SnapKit;
		};
/* End XCSwiftPackageProductDependency section */
	};
	rootObject = A7D6C8952909301B0044845F /* Project object */;
}
